
Microsoft Visual Studio Solution File, Format Version 12.00
# Visual Studio Version 17
VisualStudioVersion = 17.4.33213.308
MinimumVisualStudioVersion = 10.0.40219.1
Project("{FAE04EC0-301F-11D3-BF4B-00C04F79EFBC}") = "Lopushok", "Lopushok.csproj", "{A6ABEA02-6058-4804-94CB-35A2491B6392}"
EndProject
Project("{FAE04EC0-301F-11D3-BF4B-00C04F79EFBC}") = "UnitTestingLopushok", "..\UnitTestingLopushok\UnitTestingLopushok.csproj", "{D51151DF-A731-4223-A0A8-92066761B11C}"
EndProject
Global
	GlobalSection(SolutionConfigurationPlatforms) = preSolution
		Debug|Any CPU = Debug|Any CPU
		Release|Any CPU = Release|Any CPU
	EndGlobalSection
	GlobalSection(ProjectConfigurationPlatforms) = postSolution
		{A6ABEA02-6058-4804-94CB-35A2491B6392}.Debug|Any CPU.ActiveCfg = Debug|Any CPU
		{A6ABEA02-6058-4804-94CB-35A2491B6392}.Debug|Any CPU.Build.0 = Debug|Any CPU
		{A6ABEA02-6058-4804-94CB-35A2491B6392}.Release|Any CPU.ActiveCfg = Release|Any CPU
		{A6ABEA02-6058-4804-94CB-35A2491B6392}.Release|Any CPU.Build.0 = Release|Any CPU
		{D51151DF-A731-4223-A0A8-92066761B11C}.Debug|Any CPU.ActiveCfg = Debug|Any CPU
		{D51151DF-A731-4223-A0A8-92066761B11C}.Debug|Any CPU.Build.0 = Debug|Any CPU
		{D51151DF-A731-4223-A0A8-92066761B11C}.Release|Any CPU.ActiveCfg = Release|Any CPU
		{D51151DF-A731-4223-A0A8-92066761B11C}.Release|Any CPU.Build.0 = Release|Any CPU
	EndGlobalSection
	GlobalSection(SolutionProperties) = preSolution
		HideSolutionNode = FALSE
	EndGlobalSection
	GlobalSection(ExtensibilityGlobals) = postSolution
		SolutionGuid = {FFE3A528-DCFB-4BC9-937E-0546C419F309}
	EndGlobalSection
EndGlobal
